
Microsoft Visual Studio Solution File, Format Version 12.00
# Visual Studio Version 17
VisualStudioVersion = 17.9.34616.47
MinimumVisualStudioVersion = 10.0.40219.1
Project("{FAE04EC0-301F-11D3-BF4B-00C04F79EFBC}") = "TheLift", "TheLift\TheLift.csproj", "{28947CE9-224C-4A41-9331-3A5FCB021125}"
EndProject
Project("{FAE04EC0-301F-11D3-BF4B-00C04F79EFBC}") = "TheLift.Tests", "TheLift.Tests\TheLift.Tests.csproj", "{62F7DCBB-8911-42D3-B95A-0A1995AA6198}"
EndProject
Global
	GlobalSection(SolutionConfigurationPlatforms) = preSolution
		Debug|Any CPU = Debug|Any CPU
		Release|Any CPU = Release|Any CPU
	EndGlobalSection
	GlobalSection(ProjectConfigurationPlatforms) = postSolution
		{28947CE9-224C-4A41-9331-3A5FCB021125}.Debug|Any CPU.ActiveCfg = Debug|Any CPU
		{28947CE9-224C-4A41-9331-3A5FCB021125}.Debug|Any CPU.Build.0 = Debug|Any CPU
		{28947CE9-224C-4A41-9331-3A5FCB021125}.Release|Any CPU.ActiveCfg = Release|Any CPU
		{28947CE9-224C-4A41-9331-3A5FCB021125}.Release|Any CPU.Build.0 = Release|Any CPU
		{62F7DCBB-8911-42D3-B95A-0A1995AA6198}.Debug|Any CPU.ActiveCfg = Debug|Any CPU
		{62F7DCBB-8911-42D3-B95A-0A1995AA6198}.Debug|Any CPU.Build.0 = Debug|Any CPU
		{62F7DCBB-8911-42D3-B95A-0A1995AA6198}.Release|Any CPU.ActiveCfg = Release|Any CPU
		{62F7DCBB-8911-42D3-B95A-0A1995AA6198}.Release|Any CPU.Build.0 = Release|Any CPU
	EndGlobalSection
	GlobalSection(SolutionProperties) = preSolution
		HideSolutionNode = FALSE
	EndGlobalSection
	GlobalSection(ExtensibilityGlobals) = postSolution
		SolutionGuid = {DFD3D62F-754C-4A54-AC3E-D5C30FBF0B0A}
	EndGlobalSection
EndGlobal
